
Microsoft Visual Studio Solution File, Format Version 12.00
# Visual Studio Version 17
VisualStudioVersion = 17.14.36414.22
MinimumVisualStudioVersion = 10.0.40219.1
Project("{2150E333-8FDC-42A3-9474-1A3956D46DE8}") = "FrontEnd", "FrontEnd", "{02EA681E-C7D8-13C7-8484-4AC65E1B71E8}"
EndProject
Project("{2150E333-8FDC-42A3-9474-1A3956D46DE8}") = "Gateway", "Gateway", "{56AC72A9-48CF-46E8-93FD-AFB362FA2169}"
EndProject
Project("{2150E333-8FDC-42A3-9474-1A3956D46DE8}") = "Integration", "Integration", "{97894A89-59B4-41F5-A67A-5509557F1E43}"
EndProject
Project("{2150E333-8FDC-42A3-9474-1A3956D46DE8}") = "Services", "Services", "{0CDCB8B0-17B3-4EEA-9717-29369E5ED9AC}"
EndProject
Project("{FAE04EC0-301F-11D3-BF4B-00C04F79EFBC}") = "Mango.Services.CouponAPI", "Mango.Services.CouponAPI\Mango.Services.CouponAPI.csproj", "{53BCB788-B60C-42D4-ADCB-A9963FDBC849}"
EndProject
Project("{FAE04EC0-301F-11D3-BF4B-00C04F79EFBC}") = "Mango.Web", "Mango.Web\Mango.Web.csproj", "{DCBB2FE2-A6ED-4441-A9FD-2D18FD514427}"
EndProject
Global
	GlobalSection(SolutionConfigurationPlatforms) = preSolution
		Debug|Any CPU = Debug|Any CPU
		Release|Any CPU = Release|Any CPU
	EndGlobalSection
	GlobalSection(ProjectConfigurationPlatforms) = postSolution
		{53BCB788-B60C-42D4-ADCB-A9963FDBC849}.Debug|Any CPU.ActiveCfg = Debug|Any CPU
		{53BCB788-B60C-42D4-ADCB-A9963FDBC849}.Debug|Any CPU.Build.0 = Debug|Any CPU
		{53BCB788-B60C-42D4-ADCB-A9963FDBC849}.Release|Any CPU.ActiveCfg = Release|Any CPU
		{53BCB788-B60C-42D4-ADCB-A9963FDBC849}.Release|Any CPU.Build.0 = Release|Any CPU
		{DCBB2FE2-A6ED-4441-A9FD-2D18FD514427}.Debug|Any CPU.ActiveCfg = Debug|Any CPU
		{DCBB2FE2-A6ED-4441-A9FD-2D18FD514427}.Debug|Any CPU.Build.0 = Debug|Any CPU
		{DCBB2FE2-A6ED-4441-A9FD-2D18FD514427}.Release|Any CPU.ActiveCfg = Release|Any CPU
		{DCBB2FE2-A6ED-4441-A9FD-2D18FD514427}.Release|Any CPU.Build.0 = Release|Any CPU
	EndGlobalSection
	GlobalSection(SolutionProperties) = preSolution
		HideSolutionNode = FALSE
	EndGlobalSection
	GlobalSection(NestedProjects) = preSolution
		{53BCB788-B60C-42D4-ADCB-A9963FDBC849} = {0CDCB8B0-17B3-4EEA-9717-29369E5ED9AC}
		{DCBB2FE2-A6ED-4441-A9FD-2D18FD514427} = {02EA681E-C7D8-13C7-8484-4AC65E1B71E8}
	EndGlobalSection
	GlobalSection(ExtensibilityGlobals) = postSolution
		SolutionGuid = {778BAEED-6017-4CE6-B7A6-87E39551F1D9}
	EndGlobalSection
EndGlobal
